
Microsoft Visual Studio Solution File, Format Version 12.00
# Visual Studio Express 15 for Windows Desktop
VisualStudioVersion = 15.0.37131.7
MinimumVisualStudioVersion = 10.0.40219.1
Project("{FAE04EC0-301F-11D3-BF4B-00C04F79EFBC}") = "NoteBase", "NoteBase\NoteBase.csproj", "{896263DB-B809-4943-BBBB-25F41F3CBBB2}"
EndProject
Global
	GlobalSection(SolutionConfigurationPlatforms) = preSolution
		Debug|Any CPU = Debug|Any CPU
		Release|Any CPU = Release|Any CPU
	EndGlobalSection
	GlobalSection(ProjectConfigurationPlatforms) = postSolution
		{896263DB-B809-4943-BBBB-25F41F3CBBB2}.Debug|Any CPU.ActiveCfg = Debug|Any CPU
		{896263DB-B809-4943-BBBB-25F41F3CBBB2}.Debug|Any CPU.Build.0 = Debug|Any CPU
		{896263DB-B809-4943-BBBB-25F41F3CBBB2}.Release|Any CPU.ActiveCfg = Release|Any CPU
		{896263DB-B809-4943-BBBB-25F41F3CBBB2}.Release|Any CPU.Build.0 = Release|Any CPU
	EndGlobalSection
	GlobalSection(SolutionProperties) = preSolution
		HideSolutionNode = FALSE
	EndGlobalSection
	GlobalSection(ExtensibilityGlobals) = postSolution
		SolutionGuid = {BA291A6E-6155-4F1E-ABAF-6FE9BD913630}
	EndGlobalSection
EndGlobal
